Microsoft Visual Studio Solution File, Format Version 12.00
# Visual Studio Version 17
VisualStudioVersion = 17.5.2.0
MinimumVisualStudioVersion = 10.0.40219.1
Project("{FAE04EC0-301F-11D3-BF4B-00C04F79EFBC}") = "Ruleset", "Ruleset\Ruleset.csproj", "{FE5B60DD-5A85-CD62-8047-1C686E2FE7C5}"
EndProject
Project("{D954291E-2A0B-460D-934E-DC6B0785DB48}") = "Codebase", "Codebase\Codebase.shproj", "{67B0B6DD-C3C7-4871-91C1-5577FB549609}"
EndProject
Project("{FAE04EC0-301F-11D3-BF4B-00C04F79EFBC}") = "Stats", "Stats\Stats.csproj", "{E3770437-BAE2-41CE-AC40-31F0B03BBA12}"
EndProject
Project("{FAE04EC0-301F-11D3-BF4B-00C04F79EFBC}") = "Sounds", "Sounds\Sounds.csproj", "{7556F9DE-37F9-4070-A289-4E1EC63D3C24}"
EndProject
Project("{FAE04EC0-301F-11D3-BF4B-00C04F79EFBC}") = "SoundsPack", "SoundsPack\SoundsPack.csproj", "{68116444-B178-47F0-A1FF-4363521E5344}"
EndProject
Global
	GlobalSection(SolutionConfigurationPlatforms) = preSolution
		Debug|Any CPU = Debug|Any CPU
		Release|Any CPU = Release|Any CPU
	EndGlobalSection
	GlobalSection(ProjectConfigurationPlatforms) = postSolution
		{FE5B60DD-5A85-CD62-8047-1C686E2FE7C5}.Debug|Any CPU.ActiveCfg = Debug|Any CPU
		{FE5B60DD-5A85-CD62-8047-1C686E2FE7C5}.Debug|Any CPU.Build.0 = Debug|Any CPU
		{FE5B60DD-5A85-CD62-8047-1C686E2FE7C5}.Release|Any CPU.ActiveCfg = Release|Any CPU
		{FE5B60DD-5A85-CD62-8047-1C686E2FE7C5}.Release|Any CPU.Build.0 = Release|Any CPU
		{E3770437-BAE2-41CE-AC40-31F0B03BBA12}.Debug|Any CPU.ActiveCfg = Debug|Any CPU
		{E3770437-BAE2-41CE-AC40-31F0B03BBA12}.Debug|Any CPU.Build.0 = Debug|Any CPU
		{E3770437-BAE2-41CE-AC40-31F0B03BBA12}.Release|Any CPU.ActiveCfg = Release|Any CPU
		{E3770437-BAE2-41CE-AC40-31F0B03BBA12}.Release|Any CPU.Build.0 = Release|Any CPU
		{7556F9DE-37F9-4070-A289-4E1EC63D3C24}.Debug|Any CPU.ActiveCfg = Debug|Any CPU
		{7556F9DE-37F9-4070-A289-4E1EC63D3C24}.Debug|Any CPU.Build.0 = Debug|Any CPU
		{7556F9DE-37F9-4070-A289-4E1EC63D3C24}.Release|Any CPU.ActiveCfg = Release|Any CPU
		{7556F9DE-37F9-4070-A289-4E1EC63D3C24}.Release|Any CPU.Build.0 = Release|Any CPU
		{68116444-B178-47F0-A1FF-4363521E5344}.Debug|Any CPU.ActiveCfg = Debug|Any CPU
		{68116444-B178-47F0-A1FF-4363521E5344}.Debug|Any CPU.Build.0 = Debug|Any CPU
		{68116444-B178-47F0-A1FF-4363521E5344}.Release|Any CPU.ActiveCfg = Release|Any CPU
		{68116444-B178-47F0-A1FF-4363521E5344}.Release|Any CPU.Build.0 = Release|Any CPU
	EndGlobalSection
	GlobalSection(SolutionProperties) = preSolution
		HideSolutionNode = FALSE
	EndGlobalSection
	GlobalSection(ExtensibilityGlobals) = postSolution
		SolutionGuid = {F4F6C49E-3F0C-429C-B1E6-FB03CE14B7A1}
	EndGlobalSection
	GlobalSection(SharedMSBuildProjectFiles) = preSolution
		Codebase\Codebase.projitems*{67b0b6dd-c3c7-4871-91c1-5577fb549609}*SharedItemsImports = 13
		Codebase\Codebase.projitems*{68116444-b178-47f0-a1ff-4363521e5344}*SharedItemsImports = 4
		Codebase\Codebase.projitems*{7556f9de-37f9-4070-a289-4e1ec63d3c24}*SharedItemsImports = 4
		Codebase\Codebase.projitems*{e3770437-bae2-41ce-ac40-31f0b03bba12}*SharedItemsImports = 4
		Codebase\Codebase.projitems*{fe5b60dd-5a85-cd62-8047-1c686e2fe7c5}*SharedItemsImports = 5
	EndGlobalSection
EndGlobal
